<?xml version="1.0" encoding="utf-8"?>
<Project ToolsVersion="4.0" xmlns="http://schemas.microsoft.com/developer/msbuild/2003">
  <ItemGroup>
    <Filter Include="Resource Files">
      <UniqueIdentifier>{67DA6AB6-F800-4c08-8B7A-83BB121AAD01}</UniqueIdentifier>
      <Extensions>rc;ico;cur;bmp;dlg;rc2;rct;bin;rgs;gif;jpg;jpeg;jpe;resx;tiff;tif;png;wav;mfcribbon-ms</Extensions>
    </Filter>
    <Filter Include="src">
      <UniqueIdentifier>{4FC737F1-C7A5-4376-A066-2A32D752A2FF}</UniqueIdentifier>
      <Extensions>qml;cpp;c;cc;cxx;def;odl;idl;hpj;bat;asm;asmx</Extensions>
    </Filter>
    <Filter Include="src\headers">
      <UniqueIdentifier>{e78d3757-0dbf-4002-8b44-7435a1caa1e9}</UniqueIdentifier>
    </Filter>
  </ItemGroup>
  <ItemGroup>
    <ClCompile Include="src\ui.cpp">
      <Filter>src</Filter>
    </ClCompile>
    <ClCompile Include="src\main.cpp">
      <Filter>src</Filter>
    </ClCompile>
    <ClCompile Include="src\processing.cpp">
      <Filter>src</Filter>
    </ClCompile>
    <ClCompile Include="src\solidify.cpp">
      <Filter>src</Filter>
    </ClCompile>
    <ClCompile Include="src\imageio.cpp">
      <Filter>src</Filter>
    </ClCompile>
    <ClCompile Include="src\imageops.cpp">
      <Filter>src</Filter>
    </ClCompile>
    <ClCompile Include="src\settings.cpp">
      <Filter>src</Filter>
    </ClCompile>
    <ClCompile Include="src\pch.cpp">
      <Filter>src</Filter>
    </ClCompile>
    <ClCompile Include="E:\GH\imgui\backends\imgui_impl_glfw.cpp">
      <Filter>src</Filter>
    </ClCompile>
    <ClCompile Include="E:\GH\imgui\backends\imgui_impl_opengl3.cpp">
      <Filter>src</Filter>
    </ClCompile>
    <ClCompile Include="E:\GH\imgui\imgui.cpp">
      <Filter>src</Filter>
    </ClCompile>
    <ClCompile Include="E:\GH\imgui\imgui_draw.cpp">
      <Filter>src</Filter>
    </ClCompile>
    <ClCompile Include="E:\GH\imgui\imgui_tables.cpp">
      <Filter>src</Filter>
    </ClCompile>
    <ClCompile Include="E:\GH\imgui\imgui_widgets.cpp">
      <Filter>src</Filter>
    </ClCompile>
  </ItemGroup>
  <ItemGroup>
    <ClInclude Include="resource.h">
      <Filter>Resource Files</Filter>
    </ClInclude>
    <ClInclude Include="src\common.h">
      <Filter>src\headers</Filter>
    </ClInclude>
    <ClInclude Include="src\imageio.h">
      <Filter>src\headers</Filter>
    </ClInclude>
    <ClInclude Include="src\imageops.h">
      <Filter>src\headers</Filter>
    </ClInclude>
    <ClInclude Include="src\imageops_hwy.inl">
      <Filter>src\headers</Filter>
    </ClInclude>
    <ClInclude Include="src\processing.h">
      <Filter>src\headers</Filter>
    </ClInclude>
    <ClInclude Include="src\settings.h">
      <Filter>src\headers</Filter>
    </ClInclude>
    <ClInclude Include="src\solidify.h">
      <Filter>src\headers</Filter>
    </ClInclude>
    <ClInclude Include="src\timer.h">
      <Filter>src\headers</Filter>
    </ClInclude>
    <ClInclude Include="src\pch.h">
      <Filter>src\headers</Filter>
    </ClInclude>
    <ClInclude Include="src\threadpool.h">
      <Filter>src\headers</Filter>
    </ClInclude>
    <ClInclude Include="src\ui.h">
      <Filter>src\headers</Filter>
    </ClInclude>
  </ItemGroup>
  <ItemGroup>
    <CopyFileToFolders Include="src\sldf_config.toml">
      <Filter>Resource Files</Filter>
    </CopyFileToFolders>
  </ItemGroup>
  <ItemGroup>
    <ResourceCompile Include="Solidify.rc">
      <Filter>Resource Files</Filter>
    </ResourceCompile>
  </ItemGroup>
</Project>
